
Microsoft Visual Studio Solution File, Format Version 12.00
# Visual Studio Version 17
VisualStudioVersion = 17.4.33213.308
MinimumVisualStudioVersion = 10.0.40219.1
Project("{9A19103F-16F7-4668-BE54-9A1E7A4F7556}") = "eStomatolog", "eStomatolog\eStomatolog.csproj", "{BBAFA250-F716-416A-99CF-5A17486E37ED}"
EndProject
Project("{9A19103F-16F7-4668-BE54-9A1E7A4F7556}") = "eStomatologServices", "eStomatologServices\eStomatologServices.csproj", "{2D4FFFEF-AD5E-4D6D-8B2B-F8180C3FD787}"
EndProject
Project("{9A19103F-16F7-4668-BE54-9A1E7A4F7556}") = "eStomatologModel", "eStomatologModel\eStomatologModel.csproj", "{D397841A-E683-4E2E-B8D4-85F5D2B7C977}"
EndProject
Project("{2150E333-8FDC-42A3-9474-1A3956D46DE8}") = "Solution Items", "Solution Items", "{4383EAC8-893A-43D5-91BC-C30C34614CB1}"
	ProjectSection(SolutionItems) = preProject
		docker-compose.yml = docker-compose.yml
		Dockerfile = Dockerfile
		Dockerfile.mailservice = Dockerfile.mailservice
	EndProjectSection
EndProject
Project("{9A19103F-16F7-4668-BE54-9A1E7A4F7556}") = "MailingService", "MailingService\MailingService.csproj", "{F3ABB751-24BD-4F59-90BD-562832BD677C}"
EndProject
Global
	GlobalSection(SolutionConfigurationPlatforms) = preSolution
		Debug|Any CPU = Debug|Any CPU
		Release|Any CPU = Release|Any CPU
	EndGlobalSection
	GlobalSection(ProjectConfigurationPlatforms) = postSolution
		{BBAFA250-F716-416A-99CF-5A17486E37ED}.Debug|Any CPU.ActiveCfg = Debug|Any CPU
		{BBAFA250-F716-416A-99CF-5A17486E37ED}.Debug|Any CPU.Build.0 = Debug|Any CPU
		{BBAFA250-F716-416A-99CF-5A17486E37ED}.Release|Any CPU.ActiveCfg = Release|Any CPU
		{BBAFA250-F716-416A-99CF-5A17486E37ED}.Release|Any CPU.Build.0 = Release|Any CPU
		{2D4FFFEF-AD5E-4D6D-8B2B-F8180C3FD787}.Debug|Any CPU.ActiveCfg = Debug|Any CPU
		{2D4FFFEF-AD5E-4D6D-8B2B-F8180C3FD787}.Debug|Any CPU.Build.0 = Debug|Any CPU
		{2D4FFFEF-AD5E-4D6D-8B2B-F8180C3FD787}.Release|Any CPU.ActiveCfg = Release|Any CPU
		{2D4FFFEF-AD5E-4D6D-8B2B-F8180C3FD787}.Release|Any CPU.Build.0 = Release|Any CPU
		{D397841A-E683-4E2E-B8D4-85F5D2B7C977}.Debug|Any CPU.ActiveCfg = Debug|Any CPU
		{D397841A-E683-4E2E-B8D4-85F5D2B7C977}.Debug|Any CPU.Build.0 = Debug|Any CPU
		{D397841A-E683-4E2E-B8D4-85F5D2B7C977}.Release|Any CPU.ActiveCfg = Release|Any CPU
		{D397841A-E683-4E2E-B8D4-85F5D2B7C977}.Release|Any CPU.Build.0 = Release|Any CPU
		{F3ABB751-24BD-4F59-90BD-562832BD677C}.Debug|Any CPU.ActiveCfg = Debug|Any CPU
		{F3ABB751-24BD-4F59-90BD-562832BD677C}.Debug|Any CPU.Build.0 = Debug|Any CPU
		{F3ABB751-24BD-4F59-90BD-562832BD677C}.Release|Any CPU.ActiveCfg = Release|Any CPU
		{F3ABB751-24BD-4F59-90BD-562832BD677C}.Release|Any CPU.Build.0 = Release|Any CPU
	EndGlobalSection
	GlobalSection(SolutionProperties) = preSolution
		HideSolutionNode = FALSE
	EndGlobalSection
	GlobalSection(ExtensibilityGlobals) = postSolution
		SolutionGuid = {E7ED9A12-2D5B-4501-908B-0C4DF4540AE7}
	EndGlobalSection
EndGlobal
